// !$*UTF8*$!
{
	archiveVersion = 1;
	classes = {
	};
	objectVersion = 50;
	objects = {

/* Begin PBXBuildFile section */
		EAB74910244AFBFB00D90A3E /* Data.swift in Sources */ = {isa = PBXBuildFile; fileRef = EAB7490F244AFBFB00D90A3E /* Data.swift */; };
		EAB74912244AFEF600D90A3E /* PostList.swift in Sources */ = {isa = PBXBuildFile; fileRef = EAB74911244AFEF600D90A3E /* PostList.swift */; };
		EAFD0DDC2449EA4E0071EAB0 /* AppDelegate.swift in Sources */ = {isa = PBXBuildFile; fileRef = EAFD0DDB2449EA4E0071EAB0 /* AppDelegate.swift */; };
		EAFD0DDE2449EA4E0071EAB0 /* SceneDelegate.swift in Sources */ = {isa = PBXBuildFile; fileRef = EAFD0DDD2449EA4E0071EAB0 /* SceneDelegate.swift */; };
		EAFD0DE02449EA4E0071EAB0 /* ContentView.swift in Sources */ = {isa = PBXBuildFile; fileRef = EAFD0DDF2449EA4E0071EAB0 /* ContentView.swift */; };
		EAFD0DE22449EA4F0071EAB0 /* Assets.xcassets in Resources */ = {isa = PBXBuildFile; fileRef = EAFD0DE12449EA4F0071EAB0 /* Assets.xcassets */; };
		EAFD0DE52449EA4F0071EAB0 /* Preview Assets.xcassets in Resources */ = {isa = PBXBuildFile; fileRef = EAFD0DE42449EA4F0071EAB0 /* Preview Assets.xcassets */; };
		EAFD0DE82449EA4F0071EAB0 /* LaunchScreen.storyboard in Resources */ = {isa = PBXBuildFile; fileRef = EAFD0DE62449EA4F0071EAB0 /* LaunchScreen.storyboard */; };
/* End PBXBuildFile section */

/* Begin PBXFileReference section */
		EAB7490F244AFBFB00D90A3E /* Data.swift */ = {isa = PBXFileReference; lastKnownFileType = sourcecode.swift; path = Data.swift; sourceTree = "<group>"; };
		EAB74911244AFEF600D90A3E /* PostList.swift */ = {isa = PBXFileReference; lastKnownFileType = sourcecode.swift; path = PostList.swift; sourceTree = "<group>"; };
		EAFD0DD82449EA4E0071EAB0 /* getAPIExample.app */ = {isa = PBXFileReference; explicitFileType = wrapper.application; includeInIndex = 0; path = getAPIExample.app; sourceTree = BUILT_PRODUCTS_DIR; };
		EAFD0DDB2449EA4E0071EAB0 /* AppDelegate.swift */ = {isa = PBXFileReference; lastKnownFileType = sourcecode.swift; path = AppDelegate.swift; sourceTree = "<group>"; };
		EAFD0DDD2449EA4E0071EAB0 /* SceneDelegate.swift */ = {isa = PBXFileReference; lastKnownFileType = sourcecode.swift; path = SceneDelegate.swift; sourceTree = "<group>"; };
		EAFD0DDF2449EA4E0071EAB0 /* ContentView.swift */ = {isa = PBXFileReference; lastKnownFileType = sourcecode.swift; path = ContentView.swift; sourceTree = "<group>"; };
		EAFD0DE12449EA4F0071EAB0 /* Assets.xcassets */ = {isa = PBXFileReference; lastKnownFileType = folder.assetcatalog; path = Assets.xcassets; sourceTree = "<group>"; };
		EAFD0DE42449EA4F0071EAB0 /* Preview Assets.xcassets */ = {isa = PBXFileReference; lastKnownFileType = folder.assetcatalog; path = "Preview Assets.xcassets"; sourceTree = "<group>"; };
		EAFD0DE72449EA4F0071EAB0 /* Base */ = {isa = PBXFileReference; lastKnownFileType = file.storyboard; name = Base; path = Base.lproj/LaunchScreen.storyboard; sourceTree = "<group>"; };
		EAFD0DE92449EA4F0071EAB0 /* Info.plist */ = {isa = PBXFileReference; lastKnownFileType = text.plist.xml; path = Info.plist; sourceTree = "<group>"; };
/* End PBXFileReference section */

/* Begin PBXFrameworksBuildPhase section */
		EAFD0DD52449EA4E0071EAB0 /* Frameworks */ = {
			isa = PBXFrameworksBuildPhase;
			buildActionMask = 2147483647;
			files = (
			);
			runOnlyForDeploymentPostprocessing = 0;
		};
/* End PBXFrameworksBuildPhase section */

/* Begin PBXGroup section */
		EAFD0DCF2449EA4E0071EAB0 = {
			isa = PBXGroup;
			children = (
				EAFD0DDA2449EA4E0071EAB0 /* getAPIExample */,
				EAFD0DD92449EA4E0071EAB0 /* Products */,
			);
			sourceTree = "<group>";
		};
		EAFD0DD92449EA4E0071EAB0 /* Products */ = {
			isa = PBXGroup;
			children = (
				EAFD0DD82449EA4E0071EAB0 /* getAPIExample.app */,
			);
			name = Products;
			sourceTree = "<group>";
		};
		EAFD0DDA2449EA4E0071EAB0 /* getAPIExample */ = {
			isa = PBXGroup;
			children = (
				EAFD0DDB2449EA4E0071EAB0 /* AppDelegate.swift */,
				EAFD0DDD2449EA4E0071EAB0 /* SceneDelegate.swift */,
				EAFD0DDF2449EA4E0071EAB0 /* ContentView.swift */,
				EAFD0DE12449EA4F0071EAB0 /* Assets.xcassets */,
				EAFD0DE62449EA4F0071EAB0 /* LaunchScreen.storyboard */,
				EAFD0DE92449EA4F0071EAB0 /* Info.plist */,
				EAFD0DE32449EA4F0071EAB0 /* Preview Content */,
				EAB7490F244AFBFB00D90A3E /* Data.swift */,
				EAB74911244AFEF600D90A3E /* PostList.swift */,
			);
			path = getAPIExample;
			sourceTree = "<group>";
		};
		EAFD0DE32449EA4F0071EAB0 /* Preview Content */ = {
			isa = PBXGroup;
			children = (
				EAFD0DE42449EA4F0071EAB0 /* Preview Assets.xcassets */,
			);
			path = "Preview Content";
			sourceTree = "<group>";
		};
/* End PBXGroup section */

/* Begin PBXNativeTarget section */
		EAFD0DD72449EA4E0071EAB0 /* getAPIExample */ = {
			isa = PBXNativeTarget;
			buildConfigurationList = EAFD0DEC2449EA4F0071EAB0 /* Build configuration list for PBXNativeTarget "getAPIExample" */;
			buildPhases = (
				EAFD0DD42449EA4E0071EAB0 /* Sources */,
				EAFD0DD52449EA4E0071EAB0 /* Frameworks */,
				EAFD0DD62449EA4E0071EAB0 /* Resources */,
			);
			buildRules = (
			);
			dependencies = (
			);
			name = getAPIExample;
			productName = getAPIExample;
			productReference = EAFD0DD82449EA4E0071EAB0 /* getAPIExample.app */;
			productType = "com.apple.product-type.application";
		};
/* End PBXNativeTarget section */

/* Begin PBXProject section */
		EAFD0DD02449EA4E0071EAB0 /* Project object */ = {
			isa = PBXProject;
			attributes = {
				LastSwiftUpdateCheck = 1140;
				LastUpgradeCheck = 1140;
				ORGANIZATIONNAME = "Hyunseung Choi";
				TargetAttributes = {
					EAFD0DD72449EA4E0071EAB0 = {
						CreatedOnToolsVersion = 11.4;
					};
				};
			};
			buildConfigurationList = EAFD0DD32449EA4E0071EAB0 /* Build configuration list for PBXProject "getAPIExample" */;
			compatibilityVersion = "Xcode 9.3";
			developmentRegion = en;
			hasScannedForEncodings = 0;
			knownRegions = (
				en,
				Base,
			);
			mainGroup = EAFD0DCF2449EA4E0071EAB0;
			productRefGroup = EAFD0DD92449EA4E0071EAB0 /* Products */;
			projectDirPath = "";
			projectRoot = "";
			targets = (
				EAFD0DD72449EA4E0071EAB0 /* getAPIExample */,
			);
		};
/* End PBXProject section */

/* Begin PBXResourcesBuildPhase section */
		EAFD0DD62449EA4E0071EAB0 /* Resources */ = {
			isa = PBXResourcesBuildPhase;
			buildActionMask = 2147483647;
			files = (
				EAFD0DE82449EA4F0071EAB0 /* LaunchScreen.storyboard in Resources */,
				EAFD0DE52449EA4F0071EAB0 /* Preview Assets.xcassets in Resources */,
				EAFD0DE22449EA4F0071EAB0 /* Assets.xcassets in Resources */,
			);
			runOnlyForDeploymentPostprocessing = 0;
		};
/* End PBXResourcesBuildPhase section */

/* Begin PBXSourcesBuildPhase section */
		EAFD0DD42449EA4E0071EAB0 /* Sources */ = {
			isa = PBXSourcesBuildPhase;
			buildActionMask = 2147483647;
			files = (
				EAFD0DDC2449EA4E0071EAB0 /* AppDelegate.swift in Sources */,
				EAB74912244AFEF600D90A3E /* PostList.swift in Sources */,
				EAFD0DDE2449EA4E0071EAB0 /* SceneDelegate.swift in Sources */,
				EAFD0DE02449EA4E0071EAB0 /* ContentView.swift in Sources */,
				EAB74910244AFBFB00D90A3E /* Data.swift in Sources */,
			);
			runOnlyForDeploymentPostprocessing = 0;
		};
/* End PBXSourcesBuildPhase section */

/* Begin PBXVariantGroup section */
		EAFD0DE62449EA4F0071EAB0 /* LaunchScreen.storyboard */ = {
			isa = PBXVariantGroup;
			children = (
				EAFD0DE72449EA4F0071EAB0 /* Base */,
			);
			name = LaunchScreen.storyboard;
			sourceTree = "<group>";
		};
/* End PBXVariantGroup section */

/* Begin XCBuildConfiguration section */
		EAFD0DEA2449EA4F0071EAB0 /* Debug */ = {
			isa = XCBuildConfiguration;
			buildSettings = {
				ALWAYS_SEARCH_USER_PATHS = NO;
				CLANG_ANALYZER_NONNULL = YES;
				CLANG_ANALYZER_NUMBER_OBJECT_CONVERSION = YES_AGGRESSIVE;
				CLANG_CXX_LANGUAGE_STANDARD = "gnu++14";
				CLANG_CXX_LIBRARY = "libc++";
				CLANG_ENABLE_MODULES = YES;
				CLANG_ENABLE_OBJC_ARC = YES;
				CLANG_ENABLE_OBJC_WEAK = YES;
				CLANG_WARN_BLOCK_CAPTURE_AUTORELEASING = YES;
				CLANG_WARN_BOOL_CONVERSION = YES;
				CLANG_WARN_COMMA = YES;
				CLANG_WARN_CONSTANT_CONVERSION = YES;
				CLANG_WARN_DEPRECATED_OBJC_IMPLEMENTATIONS = YES;
				CLANG_WARN_DIRECT_OBJC_ISA_USAGE = YES_ERROR;
				CLANG_WARN_DOCUMENTATION_COMMENTS = YES;
				CLANG_WARN_EMPTY_BODY = YES;
				CLANG_WARN_ENUM_CONVERSION = YES;
				CLANG_WARN_INFINITE_RECURSION = YES;
				CLANG_WARN_INT_CONVERSION = YES;
				CLANG_WARN_NON_LITERAL_NULL_CONVERSION = YES;
				CLANG_WARN_OBJC_IMPLICIT_RETAIN_SELF = YES;
				CLANG_WARN_OBJC_LITERAL_CONVERSION = YES;
				CLANG_WARN_OBJC_ROOT_CLASS = YES_ERROR;
				CLANG_WARN_RANGE_LOOP_ANALYSIS = YES;
				CLANG_WARN_STRICT_PROTOTYPES = YES;
				CLANG_WARN_SUSPICIOUS_MOVE = YES;
				CLANG_WARN_UNGUARDED_AVAILABILITY = YES_AGGRESSIVE;
				CLANG_WARN_UNREACHABLE_CODE = YES;
				CLANG_WARN__DUPLICATE_METHOD_MATCH = YES;
				COPY_PHASE_STRIP = NO;
				DEBUG_INFORMATION_FORMAT = dwarf;
				ENABLE_STRICT_OBJC_MSGSEND = YES;
				ENABLE_TESTABILITY = YES;
				GCC_C_LANGUAGE_STANDARD = gnu11;
				GCC_DYNAMIC_NO_PIC = NO;
				GCC_NO_COMMON_BLOCKS = YES;
				GCC_OPTIMIZATION_LEVEL = 0;
				GCC_PREPROCESSOR_DEFINITIONS = (
					"DEBUG=1",
					"$(inherited)",
				);
				GCC_WARN_64_TO_32_BIT_CONVERSION = YES;
				GCC_WARN_ABOUT_RETURN_TYPE = YES_ERROR;
				GCC_WARN_UNDECLARED_SELECTOR = YES;
				GCC_WARN_UNINITIALIZED_AUTOS = YES_AGGRESSIVE;
				GCC_WARN_UNUSED_FUNCTION = YES;
				GCC_WARN_UNUSED_VARIABLE = YES;
				IPHONEOS_DEPLOYMENT_TARGET = 13.4;
				MTL_ENABLE_DEBUG_INFO = INCLUDE_SOURCE;
				MTL_FAST_MATH = YES;
				ONLY_ACTIVE_ARCH = YES;
				SDKROOT = iphoneos;
				SWIFT_ACTIVE_COMPILATION_CONDITIONS = DEBUG;
				SWIFT_OPTIMIZATION_LEVEL = "-Onone";
			};
			name = Debug;
		};
		EAFD0DEB2449EA4F0071EAB0 /* Release */ = {
			isa = XCBuildConfiguration;
			buildSettings = {
				ALWAYS_SEARCH_USER_PATHS = NO;
				CLANG_ANALYZER_NONNULL = YES;
				CLANG_ANALYZER_NUMBER_OBJECT_CONVERSION = YES_AGGRESSIVE;
				CLANG_CXX_LANGUAGE_STANDARD = "gnu++14";
				CLANG_CXX_LIBRARY = "libc++";
				CLANG_ENABLE_MODULES = YES;
				CLANG_ENABLE_OBJC_ARC = YES;
				CLANG_ENABLE_OBJC_WEAK = YES;
				CLANG_WARN_BLOCK_CAPTURE_AUTORELEASING = YES;
				CLANG_WARN_BOOL_CONVERSION = YES;
				CLANG_WARN_COMMA = YES;
				CLANG_WARN_CONSTANT_CONVERSION = YES;
				CLANG_WARN_DEPRECATED_OBJC_IMPLEMENTATIONS = YES;
				CLANG_WARN_DIRECT_OBJC_ISA_USAGE = YES_ERROR;
				CLANG_WARN_DOCUMENTATION_COMMENTS = YES;
				CLANG_WARN_EMPTY_BODY = YES;
				CLANG_WARN_ENUM_CONVERSION = YES;
				CLANG_WARN_INFINITE_RECURSION = YES;
				CLANG_WARN_INT_CONVERSION = YES;
				CLANG_WARN_NON_LITERAL_NULL_CONVERSION = YES;
				CLANG_WARN_OBJC_IMPLICIT_RETAIN_SELF = YES;
				CLANG_WARN_OBJC_LITERAL_CONVERSION = YES;
				CLANG_WARN_OBJC_ROOT_CLASS = YES_ERROR;
				CLANG_WARN_RANGE_LOOP_ANALYSIS = YES;
				CLANG_WARN_STRICT_PROTOTYPES = YES;
				CLANG_WARN_SUSPICIOUS_MOVE = YES;
				CLANG_WARN_UNGUARDED_AVAILABILITY = YES_AGGRESSIVE;
				CLANG_WARN_UNREACHABLE_CODE = YES;
				CLANG_WARN__DUPLICATE_METHOD_MATCH = YES;
				COPY_PHASE_STRIP = NO;
				DEBUG_INFORMATION_FORMAT = "dwarf-with-dsym";
				ENABLE_NS_ASSERTIONS = NO;
				ENABLE_STRICT_OBJC_MSGSEND = YES;
				GCC_C_LANGUAGE_STANDARD = gnu11;
				GCC_NO_COMMON_BLOCKS = YES;
				GCC_WARN_64_TO_32_BIT_CONVERSION = YES;
				GCC_WARN_ABOUT_RETURN_TYPE = YES_ERROR;
				GCC_WARN_UNDECLARED_SELECTOR = YES;
				GCC_WARN_UNINITIALIZED_AUTOS = YES_AGGRESSIVE;
				GCC_WARN_UNUSED_FUNCTION = YES;
				GCC_WARN_UNUSED_VARIABLE = YES;
				IPHONEOS_DEPLOYMENT_TARGET = 13.4;
				MTL_ENABLE_DEBUG_INFO = NO;
				MTL_FAST_MATH = YES;
				SDKROOT = iphoneos;
				SWIFT_COMPILATION_MODE = wholemodule;
				SWIFT_OPTIMIZATION_LEVEL = "-O";
				VALIDATE_PRODUCT = YES;
			};
			name = Release;
		};
		EAFD0DED2449EA4F0071EAB0 /* Debug */ = {
			isa = XCBuildConfiguration;
			buildSettings = {
				ASSETCATALOG_COMPILER_APPICON_NAME = AppIcon;
				CODE_SIGN_STYLE = Automatic;
				DEVELOPMENT_ASSET_PATHS = "\"getAPIExample/Preview Content\"";
				DEVELOPMENT_TEAM = QHZYDWRJ4A;
				ENABLE_PREVIEWS = YES;
				INFOPLIST_FILE = getAPIExample/Info.plist;
				LD_RUNPATH_SEARCH_PATHS = (
					"$(inherited)",
					"@executable_path/Frameworks",
				);
				PRODUCT_BUNDLE_IDENTIFIER = brokoli.getAPIExample;
				PRODUCT_NAME = "$(TARGET_NAME)";
				SWIFT_VERSION = 5.0;
				TARGETED_DEVICE_FAMILY = "1,2";
			};
			name = Debug;
		};
		EAFD0DEE2449EA4F0071EAB0 /* Release */ = {
			isa = XCBuildConfiguration;
			buildSettings = {
				ASSETCATALOG_COMPILER_APPICON_NAME = AppIcon;
				CODE_SIGN_STYLE = Automatic;
				DEVELOPMENT_ASSET_PATHS = "\"getAPIExample/Preview Content\"";
				DEVELOPMENT_TEAM = QHZYDWRJ4A;
				ENABLE_PREVIEWS = YES;
				INFOPLIST_FILE = getAPIExample/Info.plist;
				LD_RUNPATH_SEARCH_PATHS = (
					"$(inherited)",
					"@executable_path/Frameworks",
				);
				PRODUCT_BUNDLE_IDENTIFIER = brokoli.getAPIExample;
				PRODUCT_NAME = "$(TARGET_NAME)";
				SWIFT_VERSION = 5.0;
				TARGETED_DEVICE_FAMILY = "1,2";
			};
			name = Release;
		};
/* End XCBuildConfiguration section */

/* Begin XCConfigurationList section */
		EAFD0DD32449EA4E0071EAB0 /* Build configuration list for PBXProject "getAPIExample" */ = {
			isa = XCConfigurationList;
			buildConfigurations = (
				EAFD0DEA2449EA4F0071EAB0 /* Debug */,
				EAFD0DEB2449EA4F0071EAB0 /* Release */,
			);
			defaultConfigurationIsVisible = 0;
			defaultConfigurationName = Release;
		};
		EAFD0DEC2449EA4F0071EAB0 /* Build configuration list for PBXNativeTarget "getAPIExample" */ = {
			isa = XCConfigurationList;
			buildConfigurations = (
				EAFD0DED2449EA4F0071EAB0 /* Debug */,
				EAFD0DEE2449EA4F0071EAB0 /* Release */,
			);
			defaultConfigurationIsVisible = 0;
			defaultConfigurationName = Release;
		};
/* End XCConfigurationList section */
	};
	rootObject = EAFD0DD02449EA4E0071EAB0 /* Project object */;
}
